{
  "name": "api",
  "version": "0.0.0",
  "lockfileVersion": 2,
  "requires": true,
  "packages": {
    "": {
      "name": "api",
      "version": "0.0.0",
      "dependencies": {
        "feathers-sequelize": "^6.4.0"
      },
      "devDependencies": {
        "@types/bluebird": "^3.5.38",
        "@types/jsonwebtoken": "^9.0.2",
        "@types/validator": "^13.7.17"
      },
      "engines": {
        "node": "^16.0.0",
        "npm": ">= 3.0.0"
      }
    },
    "node_modules/@feathersjs/adapter-commons": {
      "version": "4.5.15",
      "resolved": "https://registry.npmjs.org/@feathersjs/adapter-commons/-/adapter-commons-4.5.15.tgz",
      "integrity": "sha512-kKqL4mYCe+dBn271lfJb6/79qEL0C7R7EfVrW+U75uCGrOuE3Ws8LbE2SQcjasUcrzZQShiJDJIpU/grcTPsHg==",
      "dependencies": {
        "@feathersjs/commons": "^4.5.15",
        "@feathersjs/errors": "^4.5.15",
        "@feathersjs/feathers": "^4.5.15"
      },
      "engines": {
        "node": ">= 10"
      },
      "funding": {
        "type": "opencollective",
        "url": "https://opencollective.com/feathers"
      }
    },
    "node_modules/@feathersjs/commons": {
      "version": "4.5.15",
      "resolved": "https://registry.npmjs.org/@feathersjs/commons/-/commons-4.5.15.tgz",
      "integrity": "sha512-eVEcLJL3GcPQBQcD77jI3fZ4MMx+iD02Px2Z1lDw+cn/iGCeQkWWAPQs4Tp+HGR1rTL5JO+unyhzN8V9X7OYmw==",
      "engines": {
        "node": ">= 10"
      },
      "funding": {
        "type": "github",
        "url": "https://github.com/sponsors/daffl"
      }
    },
    "node_modules/@feathersjs/errors": {
      "version": "4.5.15",
      "resolved": "https://registry.npmjs.org/@feathersjs/errors/-/errors-4.5.15.tgz",
      "integrity": "sha512-EJAYWMsWZlUA/halbgZBc6eP2d3HPkHi5GzprYEK58GCh51KJ36VjX7VKVEnMjgBSED+PE00tpr3ZvUC4nUR+Q==",
      "dependencies": {
        "debug": "^4.3.3"
      },
      "engines": {
        "node": ">= 10"
      }
    },
    "node_modules/@feathersjs/feathers": {
      "version": "4.5.15",
      "resolved": "https://registry.npmjs.org/@feathersjs/feathers/-/feathers-4.5.15.tgz",
      "integrity": "sha512-Q7sa1QAEhspYHsVEJPRg313bqjNaOhgvibiUxtjf3CGGJL9hVcAPLHQbrzsZuVTR4QwBATZSf6voEtuNmG/pIQ==",
      "dependencies": {
        "@feathersjs/commons": "^4.5.15",
        "debug": "^4.3.3",
        "events": "^3.3.0",
        "uberproto": "^2.0.6"
      },
      "engines": {
        "node": ">= 10"
      },
      "funding": {
        "type": "github",
        "url": "https://github.com/sponsors/daffl"
      }
    },
    "node_modules/@types/bluebird": {
      "version": "3.5.38",
      "resolved": "https://registry.npmjs.org/@types/bluebird/-/bluebird-3.5.38.tgz",
      "integrity": "sha512-yR/Kxc0dd4FfwtEoLZMoqJbM/VE/W7hXn/MIjb+axcwag0iFmSPK7OBUZq1YWLynJUoWQkfUrI7T0HDqGApNSg==",
      "dev": true
    },
    "node_modules/@types/jsonwebtoken": {
      "version": "9.0.2",
      "resolved": "https://registry.npmjs.org/@types/jsonwebtoken/-/jsonwebtoken-9.0.2.tgz",
      "integrity": "sha512-drE6uz7QBKq1fYqqoFKTDRdFCPHd5TCub75BM+D+cMx7NU9hUz7SESLfC2fSCXVFMO5Yj8sOWHuGqPgjc+fz0Q==",
      "dev": true,
      "dependencies": {
        "@types/node": "*"
      }
    },
    "node_modules/@types/node": {
      "version": "20.3.3",
      "resolved": "https://registry.npmjs.org/@types/node/-/node-20.3.3.tgz",
      "integrity": "sha512-wheIYdr4NYML61AjC8MKj/2jrR/kDQri/CIpVoZwldwhnIrD/j9jIU5bJ8yBKuB2VhpFV7Ab6G2XkBjv9r9Zzw==",
      "dev": true
    },
    "node_modules/@types/validator": {
      "version": "13.7.17",
      "resolved": "https://registry.npmjs.org/@types/validator/-/validator-13.7.17.tgz",
      "integrity": "sha512-aqayTNmeWrZcvnG2MG9eGYI6b7S5fl+yKgPs6bAjOTwPS316R5SxBGKvtSExfyoJU7pIeHJfsHI0Ji41RVMkvQ==",
      "dev": true
    },
    "node_modules/debug": {
      "version": "4.3.4",
      "resolved": "https://registry.npmjs.org/debug/-/debug-4.3.4.tgz",
      "integrity": "sha512-PRWFHuSU3eDtQJPvnNY7Jcket1j0t5OuOsFzPPzsekD52Zl8qUfFIPEiswXqIvHWGVHOgX+7G/vCNNhehwxfkQ==",
      "dependencies": {
        "ms": "2.1.2"
      },
      "engines": {
        "node": ">=6.0"
      },
      "peerDependenciesMeta": {
        "supports-color": {
          "optional": true
        }
      }
    },
    "node_modules/events": {
      "version": "3.3.0",
      "resolved": "https://registry.npmjs.org/events/-/events-3.3.0.tgz",
      "integrity": "sha512-mQw+2fkQbALzQ7V0MY0IqdnXNOeTtP4r0lN9z7AAawCXgqea7bDii20AYrIBrFd/Hx0M2Ocz6S111CaFkUcb0Q==",
      "engines": {
        "node": ">=0.8.x"
      }
    },
    "node_modules/feathers-sequelize": {
      "version": "6.4.0",
      "resolved": "https://registry.npmjs.org/feathers-sequelize/-/feathers-sequelize-6.4.0.tgz",
      "integrity": "sha512-EAnv0RuTOOi7yk2wASKO6baETf1A8VF+NUs/4XMquTG+IHPpNvmuPL2vOdKVjw3XQoUR8RSQ8MhFGzg2dEB7ag==",
      "dependencies": {
        "@feathersjs/adapter-commons": "^4.5.15",
        "@feathersjs/commons": "^4.5.15",
        "@feathersjs/errors": "^4.5.15"
      },
      "engines": {
        "node": ">= 12"
      }
    },
    "node_modules/ms": {
      "version": "2.1.2",
      "resolved": "https://registry.npmjs.org/ms/-/ms-2.1.2.tgz",
      "integrity": "sha512-sGkPx+VjMtmA6MX27oA4FBFELFCZZ4S4XqeGOXCv68tT+jb3vk/RyaKWP0PTKyWtmLSM0b+adUTEvbs1PEaH2w=="
    },
    "node_modules/uberproto": {
      "version": "2.0.6",
      "resolved": "https://registry.npmjs.org/uberproto/-/uberproto-2.0.6.tgz",
      "integrity": "sha512-68H97HffZoFaa3HFtpstahWorN9dSp5uTU6jo3GjIQ6JkJBR3hC2Nx/e/HFOoYHdUyT/Z1MRWfxN1EiQJZUyCQ==",
      "engines": {
        "node": "*"
      }
    }
  },
  "dependencies": {
    "@feathersjs/adapter-commons": {
      "version": "4.5.15",
      "resolved": "https://registry.npmjs.org/@feathersjs/adapter-commons/-/adapter-commons-4.5.15.tgz",
      "integrity": "sha512-kKqL4mYCe+dBn271lfJb6/79qEL0C7R7EfVrW+U75uCGrOuE3Ws8LbE2SQcjasUcrzZQShiJDJIpU/grcTPsHg==",
      "requires": {
        "@feathersjs/commons": "^4.5.15",
        "@feathersjs/errors": "^4.5.15",
        "@feathersjs/feathers": "^4.5.15"
      }
    },
    "@feathersjs/commons": {
      "version": "4.5.15",
      "resolved": "https://registry.npmjs.org/@feathersjs/commons/-/commons-4.5.15.tgz",
      "integrity": "sha512-eVEcLJL3GcPQBQcD77jI3fZ4MMx+iD02Px2Z1lDw+cn/iGCeQkWWAPQs4Tp+HGR1rTL5JO+unyhzN8V9X7OYmw=="
    },
    "@feathersjs/errors": {
      "version": "4.5.15",
      "resolved": "https://registry.npmjs.org/@feathersjs/errors/-/errors-4.5.15.tgz",
      "integrity": "sha512-EJAYWMsWZlUA/halbgZBc6eP2d3HPkHi5GzprYEK58GCh51KJ36VjX7VKVEnMjgBSED+PE00tpr3ZvUC4nUR+Q==",
      "requires": {
        "debug": "^4.3.3"
      }
    },
    "@feathersjs/feathers": {
      "version": "4.5.15",
      "resolved": "https://registry.npmjs.org/@feathersjs/feathers/-/feathers-4.5.15.tgz",
      "integrity": "sha512-Q7sa1QAEhspYHsVEJPRg313bqjNaOhgvibiUxtjf3CGGJL9hVcAPLHQbrzsZuVTR4QwBATZSf6voEtuNmG/pIQ==",
      "requires": {
        "@feathersjs/commons": "^4.5.15",
        "debug": "^4.3.3",
        "events": "^3.3.0",
        "uberproto": "^2.0.6"
      }
    },
    "@types/bluebird": {
      "version": "3.5.38",
      "resolved": "https://registry.npmjs.org/@types/bluebird/-/bluebird-3.5.38.tgz",
      "integrity": "sha512-yR/Kxc0dd4FfwtEoLZMoqJbM/VE/W7hXn/MIjb+axcwag0iFmSPK7OBUZq1YWLynJUoWQkfUrI7T0HDqGApNSg==",
      "dev": true
    },
    "@types/jsonwebtoken": {
      "version": "9.0.2",
      "resolved": "https://registry.npmjs.org/@types/jsonwebtoken/-/jsonwebtoken-9.0.2.tgz",
      "integrity": "sha512-drE6uz7QBKq1fYqqoFKTDRdFCPHd5TCub75BM+D+cMx7NU9hUz7SESLfC2fSCXVFMO5Yj8sOWHuGqPgjc+fz0Q==",
      "dev": true,
      "requires": {
        "@types/node": "*"
      }
    },
    "@types/node": {
      "version": "20.3.3",
      "resolved": "https://registry.npmjs.org/@types/node/-/node-20.3.3.tgz",
      "integrity": "sha512-wheIYdr4NYML61AjC8MKj/2jrR/kDQri/CIpVoZwldwhnIrD/j9jIU5bJ8yBKuB2VhpFV7Ab6G2XkBjv9r9Zzw==",
      "dev": true
    },
    "@types/validator": {
      "version": "13.7.17",
      "resolved": "https://registry.npmjs.org/@types/validator/-/validator-13.7.17.tgz",
      "integrity": "sha512-aqayTNmeWrZcvnG2MG9eGYI6b7S5fl+yKgPs6bAjOTwPS316R5SxBGKvtSExfyoJU7pIeHJfsHI0Ji41RVMkvQ==",
      "dev": true
    },
    "debug": {
      "version": "4.3.4",
      "resolved": "https://registry.npmjs.org/debug/-/debug-4.3.4.tgz",
      "integrity": "sha512-PRWFHuSU3eDtQJPvnNY7Jcket1j0t5OuOsFzPPzsekD52Zl8qUfFIPEiswXqIvHWGVHOgX+7G/vCNNhehwxfkQ==",
      "requires": {
        "ms": "2.1.2"
      }
    },
    "events": {
      "version": "3.3.0",
      "resolved": "https://registry.npmjs.org/events/-/events-3.3.0.tgz",
      "integrity": "sha512-mQw+2fkQbALzQ7V0MY0IqdnXNOeTtP4r0lN9z7AAawCXgqea7bDii20AYrIBrFd/Hx0M2Ocz6S111CaFkUcb0Q=="
    },
    "feathers-sequelize": {
      "version": "6.4.0",
      "resolved": "https://registry.npmjs.org/feathers-sequelize/-/feathers-sequelize-6.4.0.tgz",
      "integrity": "sha512-EAnv0RuTOOi7yk2wASKO6baETf1A8VF+NUs/4XMquTG+IHPpNvmuPL2vOdKVjw3XQoUR8RSQ8MhFGzg2dEB7ag==",
      "requires": {
        "@feathersjs/adapter-commons": "^4.5.15",
        "@feathersjs/commons": "^4.5.15",
        "@feathersjs/errors": "^4.5.15"
      }
    },
    "ms": {
      "version": "2.1.2",
      "resolved": "https://registry.npmjs.org/ms/-/ms-2.1.2.tgz",
      "integrity": "sha512-sGkPx+VjMtmA6MX27oA4FBFELFCZZ4S4XqeGOXCv68tT+jb3vk/RyaKWP0PTKyWtmLSM0b+adUTEvbs1PEaH2w=="
    },
    "uberproto": {
      "version": "2.0.6",
      "resolved": "https://registry.npmjs.org/uberproto/-/uberproto-2.0.6.tgz",
      "integrity": "sha512-68H97HffZoFaa3HFtpstahWorN9dSp5uTU6jo3GjIQ6JkJBR3hC2Nx/e/HFOoYHdUyT/Z1MRWfxN1EiQJZUyCQ=="
    }
  }
}
